
Microsoft Visual Studio Solution File, Format Version 12.00
# Visual Studio 15
VisualStudioVersion = 15.0.27130.2010
MinimumVisualStudioVersion = 10.0.40219.1
Project("{2150E333-8FDC-42A3-9474-1A3956D46DE8}") = ".nuget", ".nuget", "{DF5381CA-82B8-44E0-A419-73BBC6290AD3}"
	ProjectSection(SolutionItems) = preProject
		.nuget\NuGet.Config = .nuget\NuGet.Config
		.nuget\NuGet.exe = .nuget\NuGet.exe
		.nuget\NuGet.targets = .nuget\NuGet.targets
		.nuget\NugetPack.targets = .nuget\NugetPack.targets
	EndProjectSection
EndProject
Project("{2150E333-8FDC-42A3-9474-1A3956D46DE8}") = "Solution Items", "Solution Items", "{D11512F1-8ED3-404D-B566-9000A46130A4}"
	ProjectSection(SolutionItems) = preProject
		..\.gitignore = ..\.gitignore
		..\build.ps1 = ..\build.ps1
		GlobalAssemblyInfo.cs = GlobalAssemblyInfo.cs
		MakePackage.bat = MakePackage.bat
		PushPackages.bat = PushPackages.bat
	EndProjectSection
EndProject
Project("{FAE04EC0-301F-11D3-BF4B-00C04F79EFBC}") = "Uintra.BaseControls", "uIntra.BaseControls\Uintra.BaseControls.csproj", "{2E4A8B55-37F6-46A8-B108-30E346870720}"
EndProject
Project("{FAE04EC0-301F-11D3-BF4B-00C04F79EFBC}") = "Uintra.Core", "uIntra.Core\Uintra.Core.csproj", "{3F8C785A-48D0-41F5-9257-6F73AFCA41EB}"
EndProject
Project("{FAE04EC0-301F-11D3-BF4B-00C04F79EFBC}") = "Uintra.Likes", "uIntra.Likes\Uintra.Likes.csproj", "{B99F0F05-598C-4F4A-A972-7282DCF9FED8}"
EndProject
Project("{FAE04EC0-301F-11D3-BF4B-00C04F79EFBC}") = "Uintra.Subscribe", "uIntra.Subscribe\Uintra.Subscribe.csproj", "{DD7C6B81-0F9F-4196-89FE-4DB666CD0367}"
EndProject
Project("{FAE04EC0-301F-11D3-BF4B-00C04F79EFBC}") = "Uintra.Navigation", "uIntra.Navigation\Uintra.Navigation.csproj", "{DB9791BC-0224-42E3-BD2B-1F18C15A181E}"
EndProject
Project("{FAE04EC0-301F-11D3-BF4B-00C04F79EFBC}") = "Uintra.Comments", "uIntra.Comments\Uintra.Comments.csproj", "{A15F1032-FAA1-42AA-9BD7-1A3EDD118811}"
EndProject
Project("{FAE04EC0-301F-11D3-BF4B-00C04F79EFBC}") = "Uintra.CentralFeed", "uIntra.CentralFeed\Uintra.CentralFeed.csproj", "{0B1998E4-8FA0-4328-9CD2-BBBA92FC4E98}"
	ProjectSection(ProjectDependencies) = postProject
		{3F8C785A-48D0-41F5-9257-6F73AFCA41EB} = {3F8C785A-48D0-41F5-9257-6F73AFCA41EB}
	EndProjectSection
EndProject
Project("{FAE04EC0-301F-11D3-BF4B-00C04F79EFBC}") = "Uintra.News", "uIntra.News\Uintra.News.csproj", "{53386DF1-D6A7-484B-8B07-C4FDDEBF4B83}"
EndProject
Project("{FAE04EC0-301F-11D3-BF4B-00C04F79EFBC}") = "Compent.Uintra", "Compent.uIntra\Compent.Uintra.csproj", "{469DC179-83EE-4696-9D36-2173E4BEAFDA}"
EndProject
Project("{FAE04EC0-301F-11D3-BF4B-00C04F79EFBC}") = "Uintra.Notification", "uIntra.Notification\Uintra.Notification.csproj", "{774EBA5A-679C-401D-B3F1-130562785C60}"
EndProject
Project("{FAE04EC0-301F-11D3-BF4B-00C04F79EFBC}") = "Uintra.Users", "uIntra.Users\Uintra.Users.csproj", "{3E868F15-AC47-4962-A6A5-C9084752DDE9}"
EndProject
Project("{FAE04EC0-301F-11D3-BF4B-00C04F79EFBC}") = "Uintra.Events", "uIntra.Events\Uintra.Events.csproj", "{85AA3A0A-738E-4E0D-9448-EA34AA3A537C}"
EndProject
Project("{FAE04EC0-301F-11D3-BF4B-00C04F79EFBC}") = "Uintra.Panels", "uIntra.Panels\Uintra.Panels.csproj", "{D5590777-B149-467F-829A-E901A9462E72}"
EndProject
Project("{FAE04EC0-301F-11D3-BF4B-00C04F79EFBC}") = "Uintra.Tagging", "uIntra.Tagging\Uintra.Tagging.csproj", "{2167C278-86ED-451B-8D2C-01774532B4E8}"
EndProject
Project("{FAE04EC0-301F-11D3-BF4B-00C04F79EFBC}") = "Uintra.Bulletins", "uIntra.Bulletins\Uintra.Bulletins.csproj", "{D8101E4C-5345-4B54-9766-DBD2BBE7030C}"
EndProject
Project("{FAE04EC0-301F-11D3-BF4B-00C04F79EFBC}") = "Uintra.Search", "uIntra.Search\Uintra.Search.csproj", "{4D9F910E-24E0-43B3-BCCB-FEF527D5FF2F}"
EndProject
Project("{FAE04EC0-301F-11D3-BF4B-00C04F79EFBC}") = "Uintra", "uIntra\Uintra.csproj", "{8AB86D6B-6422-4D06-B9F3-B3A8C6F1588F}"
EndProject
Project("{FAE04EC0-301F-11D3-BF4B-00C04F79EFBC}") = "Uintra.Groups", "uIntra.Groups\Uintra.Groups.csproj", "{B690420E-AF06-4B17-93F7-A04362A1CD3D}"
EndProject
Project("{2150E333-8FDC-42A3-9474-1A3956D46DE8}") = "Tests", "Tests", "{F193C849-83E8-4216-AF7A-27A1ABBDC298}"
EndProject
Project("{FAE04EC0-301F-11D3-BF4B-00C04F79EFBC}") = "Uintra.UnitTests", "uIntra.UnitTests\Uintra.UnitTests.csproj", "{1D741FAD-003C-4B2C-9A22-C87FA3A9DE33}"
EndProject
Global
	GlobalSection(SolutionConfigurationPlatforms) = preSolution
		Debug|Any CPU = Debug|Any CPU
		Dev|Any CPU = Dev|Any CPU
		ManualInstallation|Any CPU = ManualInstallation|Any CPU
		PublicNuget|Any CPU = PublicNuget|Any CPU
		QA|Any CPU = QA|Any CPU
		Release|Any CPU = Release|Any CPU
	EndGlobalSection
	GlobalSection(ProjectConfigurationPlatforms) = postSolution
		{2E4A8B55-37F6-46A8-B108-30E346870720}.Debug|Any CPU.ActiveCfg = Debug|Any CPU
		{2E4A8B55-37F6-46A8-B108-30E346870720}.Debug|Any CPU.Build.0 = Debug|Any CPU
		{2E4A8B55-37F6-46A8-B108-30E346870720}.Dev|Any CPU.ActiveCfg = Release|Any CPU
		{2E4A8B55-37F6-46A8-B108-30E346870720}.Dev|Any CPU.Build.0 = Release|Any CPU
		{2E4A8B55-37F6-46A8-B108-30E346870720}.ManualInstallation|Any CPU.ActiveCfg = ManualInstallation|Any CPU
		{2E4A8B55-37F6-46A8-B108-30E346870720}.ManualInstallation|Any CPU.Build.0 = ManualInstallation|Any CPU
		{2E4A8B55-37F6-46A8-B108-30E346870720}.PublicNuget|Any CPU.ActiveCfg = PublicNuget|Any CPU
		{2E4A8B55-37F6-46A8-B108-30E346870720}.PublicNuget|Any CPU.Build.0 = PublicNuget|Any CPU
		{2E4A8B55-37F6-46A8-B108-30E346870720}.QA|Any CPU.ActiveCfg = QA|Any CPU
		{2E4A8B55-37F6-46A8-B108-30E346870720}.QA|Any CPU.Build.0 = QA|Any CPU
		{2E4A8B55-37F6-46A8-B108-30E346870720}.Release|Any CPU.ActiveCfg = Release|Any CPU
		{2E4A8B55-37F6-46A8-B108-30E346870720}.Release|Any CPU.Build.0 = Release|Any CPU
		{3F8C785A-48D0-41F5-9257-6F73AFCA41EB}.Debug|Any CPU.ActiveCfg = Debug|Any CPU
		{3F8C785A-48D0-41F5-9257-6F73AFCA41EB}.Debug|Any CPU.Build.0 = Debug|Any CPU
		{3F8C785A-48D0-41F5-9257-6F73AFCA41EB}.Dev|Any CPU.ActiveCfg = Release|Any CPU
		{3F8C785A-48D0-41F5-9257-6F73AFCA41EB}.Dev|Any CPU.Build.0 = Release|Any CPU
		{3F8C785A-48D0-41F5-9257-6F73AFCA41EB}.ManualInstallation|Any CPU.ActiveCfg = ManualInstallation|Any CPU
		{3F8C785A-48D0-41F5-9257-6F73AFCA41EB}.ManualInstallation|Any CPU.Build.0 = ManualInstallation|Any CPU
		{3F8C785A-48D0-41F5-9257-6F73AFCA41EB}.PublicNuget|Any CPU.ActiveCfg = PublicNuget|Any CPU
		{3F8C785A-48D0-41F5-9257-6F73AFCA41EB}.PublicNuget|Any CPU.Build.0 = PublicNuget|Any CPU
		{3F8C785A-48D0-41F5-9257-6F73AFCA41EB}.QA|Any CPU.ActiveCfg = QA|Any CPU
		{3F8C785A-48D0-41F5-9257-6F73AFCA41EB}.QA|Any CPU.Build.0 = QA|Any CPU
		{3F8C785A-48D0-41F5-9257-6F73AFCA41EB}.Release|Any CPU.ActiveCfg = Release|Any CPU
		{3F8C785A-48D0-41F5-9257-6F73AFCA41EB}.Release|Any CPU.Build.0 = Release|Any CPU
		{B99F0F05-598C-4F4A-A972-7282DCF9FED8}.Debug|Any CPU.ActiveCfg = Debug|Any CPU
		{B99F0F05-598C-4F4A-A972-7282DCF9FED8}.Debug|Any CPU.Build.0 = Debug|Any CPU
		{B99F0F05-598C-4F4A-A972-7282DCF9FED8}.Dev|Any CPU.ActiveCfg = Release|Any CPU
		{B99F0F05-598C-4F4A-A972-7282DCF9FED8}.Dev|Any CPU.Build.0 = Release|Any CPU
		{B99F0F05-598C-4F4A-A972-7282DCF9FED8}.ManualInstallation|Any CPU.ActiveCfg = ManualInstallation|Any CPU
		{B99F0F05-598C-4F4A-A972-7282DCF9FED8}.ManualInstallation|Any CPU.Build.0 = ManualInstallation|Any CPU
		{B99F0F05-598C-4F4A-A972-7282DCF9FED8}.PublicNuget|Any CPU.ActiveCfg = PublicNuget|Any CPU
		{B99F0F05-598C-4F4A-A972-7282DCF9FED8}.PublicNuget|Any CPU.Build.0 = PublicNuget|Any CPU
		{B99F0F05-598C-4F4A-A972-7282DCF9FED8}.QA|Any CPU.ActiveCfg = QA|Any CPU
		{B99F0F05-598C-4F4A-A972-7282DCF9FED8}.QA|Any CPU.Build.0 = QA|Any CPU
		{B99F0F05-598C-4F4A-A972-7282DCF9FED8}.Release|Any CPU.ActiveCfg = Release|Any CPU
		{B99F0F05-598C-4F4A-A972-7282DCF9FED8}.Release|Any CPU.Build.0 = Release|Any CPU
		{DD7C6B81-0F9F-4196-89FE-4DB666CD0367}.Debug|Any CPU.ActiveCfg = Debug|Any CPU
		{DD7C6B81-0F9F-4196-89FE-4DB666CD0367}.Debug|Any CPU.Build.0 = Debug|Any CPU
		{DD7C6B81-0F9F-4196-89FE-4DB666CD0367}.Dev|Any CPU.ActiveCfg = Release|Any CPU
		{DD7C6B81-0F9F-4196-89FE-4DB666CD0367}.Dev|Any CPU.Build.0 = Release|Any CPU
		{DD7C6B81-0F9F-4196-89FE-4DB666CD0367}.ManualInstallation|Any CPU.ActiveCfg = ManualInstallation|Any CPU
		{DD7C6B81-0F9F-4196-89FE-4DB666CD0367}.ManualInstallation|Any CPU.Build.0 = ManualInstallation|Any CPU
		{DD7C6B81-0F9F-4196-89FE-4DB666CD0367}.PublicNuget|Any CPU.ActiveCfg = PublicNuget|Any CPU
		{DD7C6B81-0F9F-4196-89FE-4DB666CD0367}.PublicNuget|Any CPU.Build.0 = PublicNuget|Any CPU
		{DD7C6B81-0F9F-4196-89FE-4DB666CD0367}.QA|Any CPU.ActiveCfg = QA|Any CPU
		{DD7C6B81-0F9F-4196-89FE-4DB666CD0367}.QA|Any CPU.Build.0 = QA|Any CPU
		{DD7C6B81-0F9F-4196-89FE-4DB666CD0367}.Release|Any CPU.ActiveCfg = Release|Any CPU
		{DD7C6B81-0F9F-4196-89FE-4DB666CD0367}.Release|Any CPU.Build.0 = Release|Any CPU
		{DB9791BC-0224-42E3-BD2B-1F18C15A181E}.Debug|Any CPU.ActiveCfg = Debug|Any CPU
		{DB9791BC-0224-42E3-BD2B-1F18C15A181E}.Debug|Any CPU.Build.0 = Debug|Any CPU
		{DB9791BC-0224-42E3-BD2B-1F18C15A181E}.Dev|Any CPU.ActiveCfg = Release|Any CPU
		{DB9791BC-0224-42E3-BD2B-1F18C15A181E}.Dev|Any CPU.Build.0 = Release|Any CPU
		{DB9791BC-0224-42E3-BD2B-1F18C15A181E}.ManualInstallation|Any CPU.ActiveCfg = ManualInstallation|Any CPU
		{DB9791BC-0224-42E3-BD2B-1F18C15A181E}.ManualInstallation|Any CPU.Build.0 = ManualInstallation|Any CPU
		{DB9791BC-0224-42E3-BD2B-1F18C15A181E}.PublicNuget|Any CPU.ActiveCfg = PublicNuget|Any CPU
		{DB9791BC-0224-42E3-BD2B-1F18C15A181E}.PublicNuget|Any CPU.Build.0 = PublicNuget|Any CPU
		{DB9791BC-0224-42E3-BD2B-1F18C15A181E}.QA|Any CPU.ActiveCfg = QA|Any CPU
		{DB9791BC-0224-42E3-BD2B-1F18C15A181E}.QA|Any CPU.Build.0 = QA|Any CPU
		{DB9791BC-0224-42E3-BD2B-1F18C15A181E}.Release|Any CPU.ActiveCfg = Release|Any CPU
		{DB9791BC-0224-42E3-BD2B-1F18C15A181E}.Release|Any CPU.Build.0 = Release|Any CPU
		{A15F1032-FAA1-42AA-9BD7-1A3EDD118811}.Debug|Any CPU.ActiveCfg = Debug|Any CPU
		{A15F1032-FAA1-42AA-9BD7-1A3EDD118811}.Debug|Any CPU.Build.0 = Debug|Any CPU
		{A15F1032-FAA1-42AA-9BD7-1A3EDD118811}.Dev|Any CPU.ActiveCfg = Release|Any CPU
		{A15F1032-FAA1-42AA-9BD7-1A3EDD118811}.Dev|Any CPU.Build.0 = Release|Any CPU
		{A15F1032-FAA1-42AA-9BD7-1A3EDD118811}.ManualInstallation|Any CPU.ActiveCfg = ManualInstallation|Any CPU
		{A15F1032-FAA1-42AA-9BD7-1A3EDD118811}.ManualInstallation|Any CPU.Build.0 = ManualInstallation|Any CPU
		{A15F1032-FAA1-42AA-9BD7-1A3EDD118811}.PublicNuget|Any CPU.ActiveCfg = PublicNuget|Any CPU
		{A15F1032-FAA1-42AA-9BD7-1A3EDD118811}.PublicNuget|Any CPU.Build.0 = PublicNuget|Any CPU
		{A15F1032-FAA1-42AA-9BD7-1A3EDD118811}.QA|Any CPU.ActiveCfg = QA|Any CPU
		{A15F1032-FAA1-42AA-9BD7-1A3EDD118811}.QA|Any CPU.Build.0 = QA|Any CPU
		{A15F1032-FAA1-42AA-9BD7-1A3EDD118811}.Release|Any CPU.ActiveCfg = Release|Any CPU
		{A15F1032-FAA1-42AA-9BD7-1A3EDD118811}.Release|Any CPU.Build.0 = Release|Any CPU
		{0B1998E4-8FA0-4328-9CD2-BBBA92FC4E98}.Debug|Any CPU.ActiveCfg = Debug|Any CPU
		{0B1998E4-8FA0-4328-9CD2-BBBA92FC4E98}.Debug|Any CPU.Build.0 = Debug|Any CPU
		{0B1998E4-8FA0-4328-9CD2-BBBA92FC4E98}.Dev|Any CPU.ActiveCfg = Release|Any CPU
		{0B1998E4-8FA0-4328-9CD2-BBBA92FC4E98}.Dev|Any CPU.Build.0 = Release|Any CPU
		{0B1998E4-8FA0-4328-9CD2-BBBA92FC4E98}.ManualInstallation|Any CPU.ActiveCfg = ManualInstallation|Any CPU
		{0B1998E4-8FA0-4328-9CD2-BBBA92FC4E98}.ManualInstallation|Any CPU.Build.0 = ManualInstallation|Any CPU
		{0B1998E4-8FA0-4328-9CD2-BBBA92FC4E98}.PublicNuget|Any CPU.ActiveCfg = PublicNuget|Any CPU
		{0B1998E4-8FA0-4328-9CD2-BBBA92FC4E98}.PublicNuget|Any CPU.Build.0 = PublicNuget|Any CPU
		{0B1998E4-8FA0-4328-9CD2-BBBA92FC4E98}.QA|Any CPU.ActiveCfg = QA|Any CPU
		{0B1998E4-8FA0-4328-9CD2-BBBA92FC4E98}.QA|Any CPU.Build.0 = QA|Any CPU
		{0B1998E4-8FA0-4328-9CD2-BBBA92FC4E98}.Release|Any CPU.ActiveCfg = Release|Any CPU
		{0B1998E4-8FA0-4328-9CD2-BBBA92FC4E98}.Release|Any CPU.Build.0 = Release|Any CPU
		{53386DF1-D6A7-484B-8B07-C4FDDEBF4B83}.Debug|Any CPU.ActiveCfg = Debug|Any CPU
		{53386DF1-D6A7-484B-8B07-C4FDDEBF4B83}.Debug|Any CPU.Build.0 = Debug|Any CPU
		{53386DF1-D6A7-484B-8B07-C4FDDEBF4B83}.Dev|Any CPU.ActiveCfg = Release|Any CPU
		{53386DF1-D6A7-484B-8B07-C4FDDEBF4B83}.Dev|Any CPU.Build.0 = Release|Any CPU
		{53386DF1-D6A7-484B-8B07-C4FDDEBF4B83}.ManualInstallation|Any CPU.ActiveCfg = ManualInstallation|Any CPU
		{53386DF1-D6A7-484B-8B07-C4FDDEBF4B83}.ManualInstallation|Any CPU.Build.0 = ManualInstallation|Any CPU
		{53386DF1-D6A7-484B-8B07-C4FDDEBF4B83}.PublicNuget|Any CPU.ActiveCfg = PublicNuget|Any CPU
		{53386DF1-D6A7-484B-8B07-C4FDDEBF4B83}.PublicNuget|Any CPU.Build.0 = PublicNuget|Any CPU
		{53386DF1-D6A7-484B-8B07-C4FDDEBF4B83}.QA|Any CPU.ActiveCfg = QA|Any CPU
		{53386DF1-D6A7-484B-8B07-C4FDDEBF4B83}.QA|Any CPU.Build.0 = QA|Any CPU
		{53386DF1-D6A7-484B-8B07-C4FDDEBF4B83}.Release|Any CPU.ActiveCfg = Release|Any CPU
		{53386DF1-D6A7-484B-8B07-C4FDDEBF4B83}.Release|Any CPU.Build.0 = Release|Any CPU
		{469DC179-83EE-4696-9D36-2173E4BEAFDA}.Debug|Any CPU.ActiveCfg = Debug|Any CPU
		{469DC179-83EE-4696-9D36-2173E4BEAFDA}.Debug|Any CPU.Build.0 = Debug|Any CPU
		{469DC179-83EE-4696-9D36-2173E4BEAFDA}.Dev|Any CPU.ActiveCfg = Dev|Any CPU
		{469DC179-83EE-4696-9D36-2173E4BEAFDA}.Dev|Any CPU.Build.0 = Dev|Any CPU
		{469DC179-83EE-4696-9D36-2173E4BEAFDA}.ManualInstallation|Any CPU.ActiveCfg = ManualInstallation|Any CPU
		{469DC179-83EE-4696-9D36-2173E4BEAFDA}.ManualInstallation|Any CPU.Build.0 = ManualInstallation|Any CPU
		{469DC179-83EE-4696-9D36-2173E4BEAFDA}.PublicNuget|Any CPU.ActiveCfg = PublicNuget|Any CPU
		{469DC179-83EE-4696-9D36-2173E4BEAFDA}.PublicNuget|Any CPU.Build.0 = PublicNuget|Any CPU
		{469DC179-83EE-4696-9D36-2173E4BEAFDA}.QA|Any CPU.ActiveCfg = QA|Any CPU
		{469DC179-83EE-4696-9D36-2173E4BEAFDA}.QA|Any CPU.Build.0 = QA|Any CPU
		{469DC179-83EE-4696-9D36-2173E4BEAFDA}.Release|Any CPU.ActiveCfg = Release|Any CPU
		{469DC179-83EE-4696-9D36-2173E4BEAFDA}.Release|Any CPU.Build.0 = Release|Any CPU
		{774EBA5A-679C-401D-B3F1-130562785C60}.Debug|Any CPU.ActiveCfg = Debug|Any CPU
		{774EBA5A-679C-401D-B3F1-130562785C60}.Debug|Any CPU.Build.0 = Debug|Any CPU
		{774EBA5A-679C-401D-B3F1-130562785C60}.Dev|Any CPU.ActiveCfg = Release|Any CPU
		{774EBA5A-679C-401D-B3F1-130562785C60}.Dev|Any CPU.Build.0 = Release|Any CPU
		{774EBA5A-679C-401D-B3F1-130562785C60}.ManualInstallation|Any CPU.ActiveCfg = ManualInstallation|Any CPU
		{774EBA5A-679C-401D-B3F1-130562785C60}.ManualInstallation|Any CPU.Build.0 = ManualInstallation|Any CPU
		{774EBA5A-679C-401D-B3F1-130562785C60}.PublicNuget|Any CPU.ActiveCfg = PublicNuget|Any CPU
		{774EBA5A-679C-401D-B3F1-130562785C60}.PublicNuget|Any CPU.Build.0 = PublicNuget|Any CPU
		{774EBA5A-679C-401D-B3F1-130562785C60}.QA|Any CPU.ActiveCfg = QA|Any CPU
		{774EBA5A-679C-401D-B3F1-130562785C60}.QA|Any CPU.Build.0 = QA|Any CPU
		{774EBA5A-679C-401D-B3F1-130562785C60}.Release|Any CPU.ActiveCfg = Release|Any CPU
		{774EBA5A-679C-401D-B3F1-130562785C60}.Release|Any CPU.Build.0 = Release|Any CPU
		{3E868F15-AC47-4962-A6A5-C9084752DDE9}.Debug|Any CPU.ActiveCfg = Debug|Any CPU
		{3E868F15-AC47-4962-A6A5-C9084752DDE9}.Debug|Any CPU.Build.0 = Debug|Any CPU
		{3E868F15-AC47-4962-A6A5-C9084752DDE9}.Dev|Any CPU.ActiveCfg = Release|Any CPU
		{3E868F15-AC47-4962-A6A5-C9084752DDE9}.Dev|Any CPU.Build.0 = Release|Any CPU
		{3E868F15-AC47-4962-A6A5-C9084752DDE9}.ManualInstallation|Any CPU.ActiveCfg = ManualInstallation|Any CPU
		{3E868F15-AC47-4962-A6A5-C9084752DDE9}.ManualInstallation|Any CPU.Build.0 = ManualInstallation|Any CPU
		{3E868F15-AC47-4962-A6A5-C9084752DDE9}.PublicNuget|Any CPU.ActiveCfg = PublicNuget|Any CPU
		{3E868F15-AC47-4962-A6A5-C9084752DDE9}.PublicNuget|Any CPU.Build.0 = PublicNuget|Any CPU
		{3E868F15-AC47-4962-A6A5-C9084752DDE9}.QA|Any CPU.ActiveCfg = QA|Any CPU
		{3E868F15-AC47-4962-A6A5-C9084752DDE9}.QA|Any CPU.Build.0 = QA|Any CPU
		{3E868F15-AC47-4962-A6A5-C9084752DDE9}.Release|Any CPU.ActiveCfg = Release|Any CPU
		{3E868F15-AC47-4962-A6A5-C9084752DDE9}.Release|Any CPU.Build.0 = Release|Any CPU
		{85AA3A0A-738E-4E0D-9448-EA34AA3A537C}.Debug|Any CPU.ActiveCfg = Debug|Any CPU
		{85AA3A0A-738E-4E0D-9448-EA34AA3A537C}.Debug|Any CPU.Build.0 = Debug|Any CPU
		{85AA3A0A-738E-4E0D-9448-EA34AA3A537C}.Dev|Any CPU.ActiveCfg = Release|Any CPU
		{85AA3A0A-738E-4E0D-9448-EA34AA3A537C}.Dev|Any CPU.Build.0 = Release|Any CPU
		{85AA3A0A-738E-4E0D-9448-EA34AA3A537C}.ManualInstallation|Any CPU.ActiveCfg = ManualInstallation|Any CPU
		{85AA3A0A-738E-4E0D-9448-EA34AA3A537C}.ManualInstallation|Any CPU.Build.0 = ManualInstallation|Any CPU
		{85AA3A0A-738E-4E0D-9448-EA34AA3A537C}.PublicNuget|Any CPU.ActiveCfg = PublicNuget|Any CPU
		{85AA3A0A-738E-4E0D-9448-EA34AA3A537C}.PublicNuget|Any CPU.Build.0 = PublicNuget|Any CPU
		{85AA3A0A-738E-4E0D-9448-EA34AA3A537C}.QA|Any CPU.ActiveCfg = QA|Any CPU
		{85AA3A0A-738E-4E0D-9448-EA34AA3A537C}.QA|Any CPU.Build.0 = QA|Any CPU
		{85AA3A0A-738E-4E0D-9448-EA34AA3A537C}.Release|Any CPU.ActiveCfg = Release|Any CPU
		{85AA3A0A-738E-4E0D-9448-EA34AA3A537C}.Release|Any CPU.Build.0 = Release|Any CPU
		{D5590777-B149-467F-829A-E901A9462E72}.Debug|Any CPU.ActiveCfg = Debug|Any CPU
		{D5590777-B149-467F-829A-E901A9462E72}.Debug|Any CPU.Build.0 = Debug|Any CPU
		{D5590777-B149-467F-829A-E901A9462E72}.Dev|Any CPU.ActiveCfg = Release|Any CPU
		{D5590777-B149-467F-829A-E901A9462E72}.Dev|Any CPU.Build.0 = Release|Any CPU
		{D5590777-B149-467F-829A-E901A9462E72}.ManualInstallation|Any CPU.ActiveCfg = ManualInstallation|Any CPU
		{D5590777-B149-467F-829A-E901A9462E72}.ManualInstallation|Any CPU.Build.0 = ManualInstallation|Any CPU
		{D5590777-B149-467F-829A-E901A9462E72}.PublicNuget|Any CPU.ActiveCfg = PublicNuget|Any CPU
		{D5590777-B149-467F-829A-E901A9462E72}.PublicNuget|Any CPU.Build.0 = PublicNuget|Any CPU
		{D5590777-B149-467F-829A-E901A9462E72}.QA|Any CPU.ActiveCfg = QA|Any CPU
		{D5590777-B149-467F-829A-E901A9462E72}.QA|Any CPU.Build.0 = QA|Any CPU
		{D5590777-B149-467F-829A-E901A9462E72}.Release|Any CPU.ActiveCfg = Release|Any CPU
		{D5590777-B149-467F-829A-E901A9462E72}.Release|Any CPU.Build.0 = Release|Any CPU
		{2167C278-86ED-451B-8D2C-01774532B4E8}.Debug|Any CPU.ActiveCfg = Debug|Any CPU
		{2167C278-86ED-451B-8D2C-01774532B4E8}.Debug|Any CPU.Build.0 = Debug|Any CPU
		{2167C278-86ED-451B-8D2C-01774532B4E8}.Dev|Any CPU.ActiveCfg = Release|Any CPU
		{2167C278-86ED-451B-8D2C-01774532B4E8}.Dev|Any CPU.Build.0 = Release|Any CPU
		{2167C278-86ED-451B-8D2C-01774532B4E8}.ManualInstallation|Any CPU.ActiveCfg = ManualInstallation|Any CPU
		{2167C278-86ED-451B-8D2C-01774532B4E8}.ManualInstallation|Any CPU.Build.0 = ManualInstallation|Any CPU
		{2167C278-86ED-451B-8D2C-01774532B4E8}.PublicNuget|Any CPU.ActiveCfg = PublicNuget|Any CPU
		{2167C278-86ED-451B-8D2C-01774532B4E8}.PublicNuget|Any CPU.Build.0 = PublicNuget|Any CPU
		{2167C278-86ED-451B-8D2C-01774532B4E8}.QA|Any CPU.ActiveCfg = QA|Any CPU
		{2167C278-86ED-451B-8D2C-01774532B4E8}.QA|Any CPU.Build.0 = QA|Any CPU
		{2167C278-86ED-451B-8D2C-01774532B4E8}.Release|Any CPU.ActiveCfg = Release|Any CPU
		{2167C278-86ED-451B-8D2C-01774532B4E8}.Release|Any CPU.Build.0 = Release|Any CPU
		{D8101E4C-5345-4B54-9766-DBD2BBE7030C}.Debug|Any CPU.ActiveCfg = Debug|Any CPU
		{D8101E4C-5345-4B54-9766-DBD2BBE7030C}.Debug|Any CPU.Build.0 = Debug|Any CPU
		{D8101E4C-5345-4B54-9766-DBD2BBE7030C}.Dev|Any CPU.ActiveCfg = Release|Any CPU
		{D8101E4C-5345-4B54-9766-DBD2BBE7030C}.Dev|Any CPU.Build.0 = Release|Any CPU
		{D8101E4C-5345-4B54-9766-DBD2BBE7030C}.ManualInstallation|Any CPU.ActiveCfg = ManualInstallation|Any CPU
		{D8101E4C-5345-4B54-9766-DBD2BBE7030C}.ManualInstallation|Any CPU.Build.0 = ManualInstallation|Any CPU
		{D8101E4C-5345-4B54-9766-DBD2BBE7030C}.PublicNuget|Any CPU.ActiveCfg = PublicNuget|Any CPU
		{D8101E4C-5345-4B54-9766-DBD2BBE7030C}.PublicNuget|Any CPU.Build.0 = PublicNuget|Any CPU
		{D8101E4C-5345-4B54-9766-DBD2BBE7030C}.QA|Any CPU.ActiveCfg = QA|Any CPU
		{D8101E4C-5345-4B54-9766-DBD2BBE7030C}.QA|Any CPU.Build.0 = QA|Any CPU
		{D8101E4C-5345-4B54-9766-DBD2BBE7030C}.Release|Any CPU.ActiveCfg = Release|Any CPU
		{D8101E4C-5345-4B54-9766-DBD2BBE7030C}.Release|Any CPU.Build.0 = Release|Any CPU
		{4D9F910E-24E0-43B3-BCCB-FEF527D5FF2F}.Debug|Any CPU.ActiveCfg = Debug|Any CPU
		{4D9F910E-24E0-43B3-BCCB-FEF527D5FF2F}.Debug|Any CPU.Build.0 = Debug|Any CPU
		{4D9F910E-24E0-43B3-BCCB-FEF527D5FF2F}.Dev|Any CPU.ActiveCfg = Release|Any CPU
		{4D9F910E-24E0-43B3-BCCB-FEF527D5FF2F}.Dev|Any CPU.Build.0 = Release|Any CPU
		{4D9F910E-24E0-43B3-BCCB-FEF527D5FF2F}.ManualInstallation|Any CPU.ActiveCfg = ManualInstallation|Any CPU
		{4D9F910E-24E0-43B3-BCCB-FEF527D5FF2F}.ManualInstallation|Any CPU.Build.0 = ManualInstallation|Any CPU
		{4D9F910E-24E0-43B3-BCCB-FEF527D5FF2F}.PublicNuget|Any CPU.ActiveCfg = PublicNuget|Any CPU
		{4D9F910E-24E0-43B3-BCCB-FEF527D5FF2F}.PublicNuget|Any CPU.Build.0 = PublicNuget|Any CPU
		{4D9F910E-24E0-43B3-BCCB-FEF527D5FF2F}.QA|Any CPU.ActiveCfg = QA|Any CPU
		{4D9F910E-24E0-43B3-BCCB-FEF527D5FF2F}.QA|Any CPU.Build.0 = QA|Any CPU
		{4D9F910E-24E0-43B3-BCCB-FEF527D5FF2F}.Release|Any CPU.ActiveCfg = Release|Any CPU
		{4D9F910E-24E0-43B3-BCCB-FEF527D5FF2F}.Release|Any CPU.Build.0 = Release|Any CPU
		{8AB86D6B-6422-4D06-B9F3-B3A8C6F1588F}.Debug|Any CPU.ActiveCfg = Dev|Any CPU
		{8AB86D6B-6422-4D06-B9F3-B3A8C6F1588F}.Debug|Any CPU.Build.0 = Dev|Any CPU
		{8AB86D6B-6422-4D06-B9F3-B3A8C6F1588F}.Dev|Any CPU.ActiveCfg = Dev|Any CPU
		{8AB86D6B-6422-4D06-B9F3-B3A8C6F1588F}.Dev|Any CPU.Build.0 = Dev|Any CPU
		{8AB86D6B-6422-4D06-B9F3-B3A8C6F1588F}.ManualInstallation|Any CPU.ActiveCfg = Release|Any CPU
		{8AB86D6B-6422-4D06-B9F3-B3A8C6F1588F}.PublicNuget|Any CPU.ActiveCfg = PublicNuget|Any CPU
		{8AB86D6B-6422-4D06-B9F3-B3A8C6F1588F}.PublicNuget|Any CPU.Build.0 = PublicNuget|Any CPU
		{8AB86D6B-6422-4D06-B9F3-B3A8C6F1588F}.QA|Any CPU.ActiveCfg = Release|Any CPU
		{8AB86D6B-6422-4D06-B9F3-B3A8C6F1588F}.Release|Any CPU.ActiveCfg = Release|Any CPU
		{8AB86D6B-6422-4D06-B9F3-B3A8C6F1588F}.Release|Any CPU.Build.0 = Release|Any CPU
		{B690420E-AF06-4B17-93F7-A04362A1CD3D}.Debug|Any CPU.ActiveCfg = Debug|Any CPU
		{B690420E-AF06-4B17-93F7-A04362A1CD3D}.Debug|Any CPU.Build.0 = Debug|Any CPU
		{B690420E-AF06-4B17-93F7-A04362A1CD3D}.Dev|Any CPU.ActiveCfg = Debug|Any CPU
		{B690420E-AF06-4B17-93F7-A04362A1CD3D}.Dev|Any CPU.Build.0 = Debug|Any CPU
		{B690420E-AF06-4B17-93F7-A04362A1CD3D}.ManualInstallation|Any CPU.ActiveCfg = ManualInstallation|Any CPU
		{B690420E-AF06-4B17-93F7-A04362A1CD3D}.ManualInstallation|Any CPU.Build.0 = ManualInstallation|Any CPU
		{B690420E-AF06-4B17-93F7-A04362A1CD3D}.PublicNuget|Any CPU.ActiveCfg = Release|Any CPU
		{B690420E-AF06-4B17-93F7-A04362A1CD3D}.PublicNuget|Any CPU.Build.0 = Release|Any CPU
		{B690420E-AF06-4B17-93F7-A04362A1CD3D}.QA|Any CPU.ActiveCfg = QA|Any CPU
		{B690420E-AF06-4B17-93F7-A04362A1CD3D}.QA|Any CPU.Build.0 = QA|Any CPU
		{B690420E-AF06-4B17-93F7-A04362A1CD3D}.Release|Any CPU.ActiveCfg = Release|Any CPU
		{B690420E-AF06-4B17-93F7-A04362A1CD3D}.Release|Any CPU.Build.0 = Release|Any CPU
		{1D741FAD-003C-4B2C-9A22-C87FA3A9DE33}.Debug|Any CPU.ActiveCfg = Debug|Any CPU
		{1D741FAD-003C-4B2C-9A22-C87FA3A9DE33}.Debug|Any CPU.Build.0 = Debug|Any CPU
		{1D741FAD-003C-4B2C-9A22-C87FA3A9DE33}.Dev|Any CPU.ActiveCfg = Debug|Any CPU
		{1D741FAD-003C-4B2C-9A22-C87FA3A9DE33}.Dev|Any CPU.Build.0 = Debug|Any CPU
		{1D741FAD-003C-4B2C-9A22-C87FA3A9DE33}.ManualInstallation|Any CPU.ActiveCfg = ManualInstallation|Any CPU
		{1D741FAD-003C-4B2C-9A22-C87FA3A9DE33}.ManualInstallation|Any CPU.Build.0 = ManualInstallation|Any CPU
		{1D741FAD-003C-4B2C-9A22-C87FA3A9DE33}.PublicNuget|Any CPU.ActiveCfg = Release|Any CPU
		{1D741FAD-003C-4B2C-9A22-C87FA3A9DE33}.PublicNuget|Any CPU.Build.0 = Release|Any CPU
		{1D741FAD-003C-4B2C-9A22-C87FA3A9DE33}.QA|Any CPU.ActiveCfg = Release|Any CPU
		{1D741FAD-003C-4B2C-9A22-C87FA3A9DE33}.QA|Any CPU.Build.0 = Release|Any CPU
		{1D741FAD-003C-4B2C-9A22-C87FA3A9DE33}.Release|Any CPU.ActiveCfg = Release|Any CPU
		{1D741FAD-003C-4B2C-9A22-C87FA3A9DE33}.Release|Any CPU.Build.0 = Release|Any CPU
	EndGlobalSection
	GlobalSection(SolutionProperties) = preSolution
		HideSolutionNode = FALSE
	EndGlobalSection
	GlobalSection(NestedProjects) = preSolution
		{1D741FAD-003C-4B2C-9A22-C87FA3A9DE33} = {F193C849-83E8-4216-AF7A-27A1ABBDC298}
	EndGlobalSection
	GlobalSection(ExtensibilityGlobals) = postSolution
		SolutionGuid = {E8827DB2-FE5C-4C23-A235-24A3534CEFA9}
	EndGlobalSection
EndGlobal
