
Microsoft Visual Studio Solution File, Format Version 12.00
# Visual Studio 14
VisualStudioVersion = 14.0.25420.1
MinimumVisualStudioVersion = 10.0.40219.1
Project("{2150E333-8FDC-42A3-9474-1A3956D46DE8}") = ".nuget", ".nuget", "{DF5381CA-82B8-44E0-A419-73BBC6290AD3}"
	ProjectSection(SolutionItems) = preProject
		.nuget\NuGet.Config = .nuget\NuGet.Config
		.nuget\NuGet.exe = .nuget\NuGet.exe
		.nuget\NuGet.targets = .nuget\NuGet.targets
		.nuget\NugetPack.targets = .nuget\NugetPack.targets
	EndProjectSection
EndProject
Project("{FAE04EC0-301F-11D3-BF4B-00C04F79EFBC}") = "uIntra.BaseControls", "uIntra.BaseControls\uIntra.BaseControls.csproj", "{2E4A8B55-37F6-46A8-B108-30E346870720}"
EndProject
Project("{2150E333-8FDC-42A3-9474-1A3956D46DE8}") = "Solution Items", "Solution Items", "{D11512F1-8ED3-404D-B566-9000A46130A4}"
	ProjectSection(SolutionItems) = preProject
		..\.gitignore = ..\.gitignore
		..\build.ps1 = ..\build.ps1
		GlobalAssemblyInfo.cs = GlobalAssemblyInfo.cs
		MakePackage.bat = MakePackage.bat
		PushPackages.bat = PushPackages.bat
	EndProjectSection
EndProject
Project("{FAE04EC0-301F-11D3-BF4B-00C04F79EFBC}") = "uIntra.Core", "uIntra.Core\uIntra.Core.csproj", "{3F8C785A-48D0-41F5-9257-6F73AFCA41EB}"
EndProject
Project("{FAE04EC0-301F-11D3-BF4B-00C04F79EFBC}") = "uCommunity.Likes", "uCommunity.Likes\uCommunity.Likes.csproj", "{B99F0F05-598C-4F4A-A972-7282DCF9FED8}"
EndProject
Project("{FAE04EC0-301F-11D3-BF4B-00C04F79EFBC}") = "uIntra.Subscribe", "uIntra.Subscribe\uIntra.Subscribe.csproj", "{DD7C6B81-0F9F-4196-89FE-4DB666CD0367}"
EndProject
Project("{FAE04EC0-301F-11D3-BF4B-00C04F79EFBC}") = "uCommunity.Navigation", "uCommunity.Navigation\uCommunity.Navigation.csproj", "{DB9791BC-0224-42E3-BD2B-1F18C15A181E}"
EndProject
Project("{FAE04EC0-301F-11D3-BF4B-00C04F79EFBC}") = "uCommunity.Comments", "uCommunity.Comments\uCommunity.Comments.csproj", "{A15F1032-FAA1-42AA-9BD7-1A3EDD118811}"
EndProject
Project("{FAE04EC0-301F-11D3-BF4B-00C04F79EFBC}") = "uCommunity.CentralFeed", "uCommunity.CentralFeed\uCommunity.CentralFeed.csproj", "{0B1998E4-8FA0-4328-9CD2-BBBA92FC4E98}"
EndProject
Project("{FAE04EC0-301F-11D3-BF4B-00C04F79EFBC}") = "uCommunity.News", "uCommunity.News\uCommunity.News.csproj", "{53386DF1-D6A7-484B-8B07-C4FDDEBF4B83}"
EndProject
Project("{FAE04EC0-301F-11D3-BF4B-00C04F79EFBC}") = "Compent.uCommunity", "Compent.uCommunity\Compent.uCommunity.csproj", "{469DC179-83EE-4696-9D36-2173E4BEAFDA}"
EndProject
Project("{FAE04EC0-301F-11D3-BF4B-00C04F79EFBC}") = "uCommunity.Notification", "uCommunity.Notification\uCommunity.Notification.csproj", "{774EBA5A-679C-401D-B3F1-130562785C60}"
EndProject
Project("{FAE04EC0-301F-11D3-BF4B-00C04F79EFBC}") = "uIntra.Users", "uIntra.Users\uIntra.Users.csproj", "{3E868F15-AC47-4962-A6A5-C9084752DDE9}"
EndProject
Project("{FAE04EC0-301F-11D3-BF4B-00C04F79EFBC}") = "uCommunity.Events", "uCommunity.Events\uCommunity.Events.csproj", "{85AA3A0A-738E-4E0D-9448-EA34AA3A537C}"
EndProject
Project("{FAE04EC0-301F-11D3-BF4B-00C04F79EFBC}") = "uIntra.Panels", "uIntra.Panels\uIntra.Panels.csproj", "{D5590777-B149-467F-829A-E901A9462E72}"
EndProject
Project("{FAE04EC0-301F-11D3-BF4B-00C04F79EFBC}") = "uIntra.Tagging", "uIntra.Tagging\uIntra.Tagging.csproj", "{2167C278-86ED-451B-8D2C-01774532B4E8}"
EndProject
Global
	GlobalSection(SolutionConfigurationPlatforms) = preSolution
		Debug|Any CPU = Debug|Any CPU
		Dev|Any CPU = Dev|Any CPU
		NuGet|Any CPU = NuGet|Any CPU
		Release|Any CPU = Release|Any CPU
	EndGlobalSection
	GlobalSection(ProjectConfigurationPlatforms) = postSolution
		{2E4A8B55-37F6-46A8-B108-30E346870720}.Debug|Any CPU.ActiveCfg = Debug|Any CPU
		{2E4A8B55-37F6-46A8-B108-30E346870720}.Debug|Any CPU.Build.0 = Debug|Any CPU
		{2E4A8B55-37F6-46A8-B108-30E346870720}.Dev|Any CPU.ActiveCfg = Release|Any CPU
		{2E4A8B55-37F6-46A8-B108-30E346870720}.Dev|Any CPU.Build.0 = Release|Any CPU
		{2E4A8B55-37F6-46A8-B108-30E346870720}.NuGet|Any CPU.ActiveCfg = NuGet|Any CPU
		{2E4A8B55-37F6-46A8-B108-30E346870720}.NuGet|Any CPU.Build.0 = NuGet|Any CPU
		{2E4A8B55-37F6-46A8-B108-30E346870720}.Release|Any CPU.ActiveCfg = Release|Any CPU
		{2E4A8B55-37F6-46A8-B108-30E346870720}.Release|Any CPU.Build.0 = Release|Any CPU
		{3F8C785A-48D0-41F5-9257-6F73AFCA41EB}.Debug|Any CPU.ActiveCfg = Debug|Any CPU
		{3F8C785A-48D0-41F5-9257-6F73AFCA41EB}.Debug|Any CPU.Build.0 = Debug|Any CPU
		{3F8C785A-48D0-41F5-9257-6F73AFCA41EB}.Dev|Any CPU.ActiveCfg = Release|Any CPU
		{3F8C785A-48D0-41F5-9257-6F73AFCA41EB}.Dev|Any CPU.Build.0 = Release|Any CPU
		{3F8C785A-48D0-41F5-9257-6F73AFCA41EB}.NuGet|Any CPU.ActiveCfg = NuGet|Any CPU
		{3F8C785A-48D0-41F5-9257-6F73AFCA41EB}.NuGet|Any CPU.Build.0 = NuGet|Any CPU
		{3F8C785A-48D0-41F5-9257-6F73AFCA41EB}.Release|Any CPU.ActiveCfg = Release|Any CPU
		{3F8C785A-48D0-41F5-9257-6F73AFCA41EB}.Release|Any CPU.Build.0 = Release|Any CPU
		{B99F0F05-598C-4F4A-A972-7282DCF9FED8}.Debug|Any CPU.ActiveCfg = Debug|Any CPU
		{B99F0F05-598C-4F4A-A972-7282DCF9FED8}.Debug|Any CPU.Build.0 = Debug|Any CPU
		{B99F0F05-598C-4F4A-A972-7282DCF9FED8}.Dev|Any CPU.ActiveCfg = Release|Any CPU
		{B99F0F05-598C-4F4A-A972-7282DCF9FED8}.Dev|Any CPU.Build.0 = Release|Any CPU
		{B99F0F05-598C-4F4A-A972-7282DCF9FED8}.NuGet|Any CPU.ActiveCfg = NuGet|Any CPU
		{B99F0F05-598C-4F4A-A972-7282DCF9FED8}.NuGet|Any CPU.Build.0 = NuGet|Any CPU
		{B99F0F05-598C-4F4A-A972-7282DCF9FED8}.Release|Any CPU.ActiveCfg = Release|Any CPU
		{B99F0F05-598C-4F4A-A972-7282DCF9FED8}.Release|Any CPU.Build.0 = Release|Any CPU
		{DD7C6B81-0F9F-4196-89FE-4DB666CD0367}.Debug|Any CPU.ActiveCfg = Debug|Any CPU
		{DD7C6B81-0F9F-4196-89FE-4DB666CD0367}.Debug|Any CPU.Build.0 = Debug|Any CPU
		{DD7C6B81-0F9F-4196-89FE-4DB666CD0367}.Dev|Any CPU.ActiveCfg = Release|Any CPU
		{DD7C6B81-0F9F-4196-89FE-4DB666CD0367}.Dev|Any CPU.Build.0 = Release|Any CPU
		{DD7C6B81-0F9F-4196-89FE-4DB666CD0367}.NuGet|Any CPU.ActiveCfg = NuGet|Any CPU
		{DD7C6B81-0F9F-4196-89FE-4DB666CD0367}.NuGet|Any CPU.Build.0 = NuGet|Any CPU
		{DD7C6B81-0F9F-4196-89FE-4DB666CD0367}.Release|Any CPU.ActiveCfg = Release|Any CPU
		{DD7C6B81-0F9F-4196-89FE-4DB666CD0367}.Release|Any CPU.Build.0 = Release|Any CPU
		{DB9791BC-0224-42E3-BD2B-1F18C15A181E}.Debug|Any CPU.ActiveCfg = Debug|Any CPU
		{DB9791BC-0224-42E3-BD2B-1F18C15A181E}.Debug|Any CPU.Build.0 = Debug|Any CPU
		{DB9791BC-0224-42E3-BD2B-1F18C15A181E}.Dev|Any CPU.ActiveCfg = Release|Any CPU
		{DB9791BC-0224-42E3-BD2B-1F18C15A181E}.Dev|Any CPU.Build.0 = Release|Any CPU
		{DB9791BC-0224-42E3-BD2B-1F18C15A181E}.NuGet|Any CPU.ActiveCfg = NuGet|Any CPU
		{DB9791BC-0224-42E3-BD2B-1F18C15A181E}.NuGet|Any CPU.Build.0 = NuGet|Any CPU
		{DB9791BC-0224-42E3-BD2B-1F18C15A181E}.Release|Any CPU.ActiveCfg = Release|Any CPU
		{DB9791BC-0224-42E3-BD2B-1F18C15A181E}.Release|Any CPU.Build.0 = Release|Any CPU
		{A15F1032-FAA1-42AA-9BD7-1A3EDD118811}.Debug|Any CPU.ActiveCfg = Debug|Any CPU
		{A15F1032-FAA1-42AA-9BD7-1A3EDD118811}.Debug|Any CPU.Build.0 = Debug|Any CPU
		{A15F1032-FAA1-42AA-9BD7-1A3EDD118811}.Dev|Any CPU.ActiveCfg = Release|Any CPU
		{A15F1032-FAA1-42AA-9BD7-1A3EDD118811}.Dev|Any CPU.Build.0 = Release|Any CPU
		{A15F1032-FAA1-42AA-9BD7-1A3EDD118811}.NuGet|Any CPU.ActiveCfg = NuGet|Any CPU
		{A15F1032-FAA1-42AA-9BD7-1A3EDD118811}.NuGet|Any CPU.Build.0 = NuGet|Any CPU
		{A15F1032-FAA1-42AA-9BD7-1A3EDD118811}.Release|Any CPU.ActiveCfg = Release|Any CPU
		{A15F1032-FAA1-42AA-9BD7-1A3EDD118811}.Release|Any CPU.Build.0 = Release|Any CPU
		{0B1998E4-8FA0-4328-9CD2-BBBA92FC4E98}.Debug|Any CPU.ActiveCfg = Debug|Any CPU
		{0B1998E4-8FA0-4328-9CD2-BBBA92FC4E98}.Debug|Any CPU.Build.0 = Debug|Any CPU
		{0B1998E4-8FA0-4328-9CD2-BBBA92FC4E98}.Dev|Any CPU.ActiveCfg = Release|Any CPU
		{0B1998E4-8FA0-4328-9CD2-BBBA92FC4E98}.Dev|Any CPU.Build.0 = Release|Any CPU
		{0B1998E4-8FA0-4328-9CD2-BBBA92FC4E98}.NuGet|Any CPU.ActiveCfg = NuGet|Any CPU
		{0B1998E4-8FA0-4328-9CD2-BBBA92FC4E98}.NuGet|Any CPU.Build.0 = NuGet|Any CPU
		{0B1998E4-8FA0-4328-9CD2-BBBA92FC4E98}.Release|Any CPU.ActiveCfg = Release|Any CPU
		{0B1998E4-8FA0-4328-9CD2-BBBA92FC4E98}.Release|Any CPU.Build.0 = Release|Any CPU
		{53386DF1-D6A7-484B-8B07-C4FDDEBF4B83}.Debug|Any CPU.ActiveCfg = Debug|Any CPU
		{53386DF1-D6A7-484B-8B07-C4FDDEBF4B83}.Debug|Any CPU.Build.0 = Debug|Any CPU
		{53386DF1-D6A7-484B-8B07-C4FDDEBF4B83}.Dev|Any CPU.ActiveCfg = Release|Any CPU
		{53386DF1-D6A7-484B-8B07-C4FDDEBF4B83}.Dev|Any CPU.Build.0 = Release|Any CPU
		{53386DF1-D6A7-484B-8B07-C4FDDEBF4B83}.NuGet|Any CPU.ActiveCfg = NuGet|Any CPU
		{53386DF1-D6A7-484B-8B07-C4FDDEBF4B83}.NuGet|Any CPU.Build.0 = NuGet|Any CPU
		{53386DF1-D6A7-484B-8B07-C4FDDEBF4B83}.Release|Any CPU.ActiveCfg = Release|Any CPU
		{53386DF1-D6A7-484B-8B07-C4FDDEBF4B83}.Release|Any CPU.Build.0 = Release|Any CPU
		{469DC179-83EE-4696-9D36-2173E4BEAFDA}.Debug|Any CPU.ActiveCfg = Debug|Any CPU
		{469DC179-83EE-4696-9D36-2173E4BEAFDA}.Debug|Any CPU.Build.0 = Debug|Any CPU
		{469DC179-83EE-4696-9D36-2173E4BEAFDA}.Dev|Any CPU.ActiveCfg = Dev|Any CPU
		{469DC179-83EE-4696-9D36-2173E4BEAFDA}.Dev|Any CPU.Build.0 = Dev|Any CPU
		{469DC179-83EE-4696-9D36-2173E4BEAFDA}.NuGet|Any CPU.ActiveCfg = Release|Any CPU
		{469DC179-83EE-4696-9D36-2173E4BEAFDA}.NuGet|Any CPU.Build.0 = Release|Any CPU
		{469DC179-83EE-4696-9D36-2173E4BEAFDA}.Release|Any CPU.ActiveCfg = Release|Any CPU
		{469DC179-83EE-4696-9D36-2173E4BEAFDA}.Release|Any CPU.Build.0 = Release|Any CPU
		{774EBA5A-679C-401D-B3F1-130562785C60}.Debug|Any CPU.ActiveCfg = Debug|Any CPU
		{774EBA5A-679C-401D-B3F1-130562785C60}.Debug|Any CPU.Build.0 = Debug|Any CPU
		{774EBA5A-679C-401D-B3F1-130562785C60}.Dev|Any CPU.ActiveCfg = Release|Any CPU
		{774EBA5A-679C-401D-B3F1-130562785C60}.Dev|Any CPU.Build.0 = Release|Any CPU
		{774EBA5A-679C-401D-B3F1-130562785C60}.NuGet|Any CPU.ActiveCfg = NuGet|Any CPU
		{774EBA5A-679C-401D-B3F1-130562785C60}.NuGet|Any CPU.Build.0 = NuGet|Any CPU
		{774EBA5A-679C-401D-B3F1-130562785C60}.Release|Any CPU.ActiveCfg = Release|Any CPU
		{774EBA5A-679C-401D-B3F1-130562785C60}.Release|Any CPU.Build.0 = Release|Any CPU
		{3E868F15-AC47-4962-A6A5-C9084752DDE9}.Debug|Any CPU.ActiveCfg = Debug|Any CPU
		{3E868F15-AC47-4962-A6A5-C9084752DDE9}.Debug|Any CPU.Build.0 = Debug|Any CPU
		{3E868F15-AC47-4962-A6A5-C9084752DDE9}.Dev|Any CPU.ActiveCfg = Release|Any CPU
		{3E868F15-AC47-4962-A6A5-C9084752DDE9}.Dev|Any CPU.Build.0 = Release|Any CPU
		{3E868F15-AC47-4962-A6A5-C9084752DDE9}.NuGet|Any CPU.ActiveCfg = NuGet|Any CPU
		{3E868F15-AC47-4962-A6A5-C9084752DDE9}.NuGet|Any CPU.Build.0 = NuGet|Any CPU
		{3E868F15-AC47-4962-A6A5-C9084752DDE9}.Release|Any CPU.ActiveCfg = Release|Any CPU
		{3E868F15-AC47-4962-A6A5-C9084752DDE9}.Release|Any CPU.Build.0 = Release|Any CPU
		{85AA3A0A-738E-4E0D-9448-EA34AA3A537C}.Debug|Any CPU.ActiveCfg = Debug|Any CPU
		{85AA3A0A-738E-4E0D-9448-EA34AA3A537C}.Debug|Any CPU.Build.0 = Debug|Any CPU
		{85AA3A0A-738E-4E0D-9448-EA34AA3A537C}.Dev|Any CPU.ActiveCfg = Debug|Any CPU
		{85AA3A0A-738E-4E0D-9448-EA34AA3A537C}.NuGet|Any CPU.ActiveCfg = Release|Any CPU
		{85AA3A0A-738E-4E0D-9448-EA34AA3A537C}.NuGet|Any CPU.Build.0 = Release|Any CPU
		{85AA3A0A-738E-4E0D-9448-EA34AA3A537C}.Release|Any CPU.ActiveCfg = Release|Any CPU
		{85AA3A0A-738E-4E0D-9448-EA34AA3A537C}.Release|Any CPU.Build.0 = Release|Any CPU
		{D5590777-B149-467F-829A-E901A9462E72}.Debug|Any CPU.ActiveCfg = Debug|Any CPU
		{D5590777-B149-467F-829A-E901A9462E72}.Debug|Any CPU.Build.0 = Debug|Any CPU
		{D5590777-B149-467F-829A-E901A9462E72}.Dev|Any CPU.ActiveCfg = Debug|Any CPU
		{D5590777-B149-467F-829A-E901A9462E72}.Dev|Any CPU.Build.0 = Debug|Any CPU
		{D5590777-B149-467F-829A-E901A9462E72}.NuGet|Any CPU.ActiveCfg = Release|Any CPU
		{D5590777-B149-467F-829A-E901A9462E72}.NuGet|Any CPU.Build.0 = Release|Any CPU
		{D5590777-B149-467F-829A-E901A9462E72}.Release|Any CPU.ActiveCfg = Release|Any CPU
		{D5590777-B149-467F-829A-E901A9462E72}.Release|Any CPU.Build.0 = Release|Any CPU
		{2167C278-86ED-451B-8D2C-01774532B4E8}.Debug|Any CPU.ActiveCfg = Debug|Any CPU
		{2167C278-86ED-451B-8D2C-01774532B4E8}.Debug|Any CPU.Build.0 = Debug|Any CPU
		{2167C278-86ED-451B-8D2C-01774532B4E8}.Dev|Any CPU.ActiveCfg = Debug|Any CPU
		{2167C278-86ED-451B-8D2C-01774532B4E8}.Dev|Any CPU.Build.0 = Debug|Any CPU
		{2167C278-86ED-451B-8D2C-01774532B4E8}.NuGet|Any CPU.ActiveCfg = Release|Any CPU
		{2167C278-86ED-451B-8D2C-01774532B4E8}.NuGet|Any CPU.Build.0 = Release|Any CPU
		{2167C278-86ED-451B-8D2C-01774532B4E8}.Release|Any CPU.ActiveCfg = Release|Any CPU
		{2167C278-86ED-451B-8D2C-01774532B4E8}.Release|Any CPU.Build.0 = Release|Any CPU
	EndGlobalSection
	GlobalSection(SolutionProperties) = preSolution
		HideSolutionNode = FALSE
	EndGlobalSection
EndGlobal
